
Microsoft Visual Studio Solution File, Format Version 12.00
# Visual Studio Version 17
VisualStudioVersion = 17.14.36221.1 d17.14
MinimumVisualStudioVersion = 10.0.40219.1
Project("{FAE04EC0-301F-11D3-BF4B-00C04F79EFBC}") = "CustomerCommLib", "CustomerCommLib.csproj", "{5F0CD992-BB85-42D7-9E75-0DC584D53FEB}"
EndProject
Project("{FAE04EC0-301F-11D3-BF4B-00C04F79EFBC}") = "CustomerComm.Tests", "..\CustomerComm.Tests\CustomerComm.Tests.csproj", "{2C3D544C-29E3-4690-81D5-523CF622CBF3}"
EndProject
Global
	GlobalSection(SolutionConfigurationPlatforms) = preSolution
		Debug|Any CPU = Debug|Any CPU
		Release|Any CPU = Release|Any CPU
	EndGlobalSection
	GlobalSection(ProjectConfigurationPlatforms) = postSolution
		{5F0CD992-BB85-42D7-9E75-0DC584D53FEB}.Debug|Any CPU.ActiveCfg = Debug|Any CPU
		{5F0CD992-BB85-42D7-9E75-0DC584D53FEB}.Debug|Any CPU.Build.0 = Debug|Any CPU
		{5F0CD992-BB85-42D7-9E75-0DC584D53FEB}.Release|Any CPU.ActiveCfg = Release|Any CPU
		{5F0CD992-BB85-42D7-9E75-0DC584D53FEB}.Release|Any CPU.Build.0 = Release|Any CPU
		{2C3D544C-29E3-4690-81D5-523CF622CBF3}.Debug|Any CPU.ActiveCfg = Debug|Any CPU
		{2C3D544C-29E3-4690-81D5-523CF622CBF3}.Debug|Any CPU.Build.0 = Debug|Any CPU
		{2C3D544C-29E3-4690-81D5-523CF622CBF3}.Release|Any CPU.ActiveCfg = Release|Any CPU
		{2C3D544C-29E3-4690-81D5-523CF622CBF3}.Release|Any CPU.Build.0 = Release|Any CPU
	EndGlobalSection
	GlobalSection(SolutionProperties) = preSolution
		HideSolutionNode = FALSE
	EndGlobalSection
	GlobalSection(ExtensibilityGlobals) = postSolution
		SolutionGuid = {CC56716F-1011-4880-8326-53C4ED688813}
	EndGlobalSection
EndGlobal
