
Microsoft Visual Studio Solution File, Format Version 12.00
# Visual Studio Version 17
VisualStudioVersion = 17.14.36221.1 d17.14
MinimumVisualStudioVersion = 10.0.40219.1
Project("{FAE04EC0-301F-11D3-BF4B-00C04F79EFBC}") = "EmployeeApiDemo", "EmployeeApiDemo.csproj", "{0102C2EB-721F-424E-AA8D-618D8CDCEB56}"
EndProject
Global
	GlobalSection(SolutionConfigurationPlatforms) = preSolution
		Debug|Any CPU = Debug|Any CPU
		Release|Any CPU = Release|Any CPU
	EndGlobalSection
	GlobalSection(ProjectConfigurationPlatforms) = postSolution
		{0102C2EB-721F-424E-AA8D-618D8CDCEB56}.Debug|Any CPU.ActiveCfg = Debug|Any CPU
		{0102C2EB-721F-424E-AA8D-618D8CDCEB56}.Debug|Any CPU.Build.0 = Debug|Any CPU
		{0102C2EB-721F-424E-AA8D-618D8CDCEB56}.Release|Any CPU.ActiveCfg = Release|Any CPU
		{0102C2EB-721F-424E-AA8D-618D8CDCEB56}.Release|Any CPU.Build.0 = Release|Any CPU
	EndGlobalSection
	GlobalSection(SolutionProperties) = preSolution
		HideSolutionNode = FALSE
	EndGlobalSection
	GlobalSection(ExtensibilityGlobals) = postSolution
		SolutionGuid = {AFAF9E01-60CA-4457-B07B-D90B09CC2999}
	EndGlobalSection
EndGlobal
