
Microsoft Visual Studio Solution File, Format Version 12.00
# Visual Studio Version 17
VisualStudioVersion = 17.14.36203.30 d17.14
MinimumVisualStudioVersion = 10.0.40219.1
Project("{FAE04EC0-301F-11D3-BF4B-00C04F79EFBC}") = "FinancialForecasting", "FinancialForecasting.csproj", "{63889C03-E89B-4AC6-9D52-267F990B895F}"
EndProject
Global
	GlobalSection(SolutionConfigurationPlatforms) = preSolution
		Debug|Any CPU = Debug|Any CPU
		Release|Any CPU = Release|Any CPU
	EndGlobalSection
	GlobalSection(ProjectConfigurationPlatforms) = postSolution
		{63889C03-E89B-4AC6-9D52-267F990B895F}.Debug|Any CPU.ActiveCfg = Debug|Any CPU
		{63889C03-E89B-4AC6-9D52-267F990B895F}.Debug|Any CPU.Build.0 = Debug|Any CPU
		{63889C03-E89B-4AC6-9D52-267F990B895F}.Release|Any CPU.ActiveCfg = Release|Any CPU
		{63889C03-E89B-4AC6-9D52-267F990B895F}.Release|Any CPU.Build.0 = Release|Any CPU
	EndGlobalSection
	GlobalSection(SolutionProperties) = preSolution
		HideSolutionNode = FALSE
	EndGlobalSection
	GlobalSection(ExtensibilityGlobals) = postSolution
		SolutionGuid = {33E81CDB-2740-4AE4-9269-E0A09B477C64}
	EndGlobalSection
EndGlobal
