
Microsoft Visual Studio Solution File, Format Version 12.00
# Visual Studio Version 17
VisualStudioVersion = 17.14.36221.1 d17.14
MinimumVisualStudioVersion = 10.0.40219.1
Project("{FAE04EC0-301F-11D3-BF4B-00C04F79EFBC}") = "MyFirstWebApi", "MyFirstWebApi.csproj", "{4FA3CD7D-517F-4DB5-8FD2-8D2C35E86343}"
EndProject
Global
	GlobalSection(SolutionConfigurationPlatforms) = preSolution
		Debug|Any CPU = Debug|Any CPU
		Release|Any CPU = Release|Any CPU
	EndGlobalSection
	GlobalSection(ProjectConfigurationPlatforms) = postSolution
		{4FA3CD7D-517F-4DB5-8FD2-8D2C35E86343}.Debug|Any CPU.ActiveCfg = Debug|Any CPU
		{4FA3CD7D-517F-4DB5-8FD2-8D2C35E86343}.Debug|Any CPU.Build.0 = Debug|Any CPU
		{4FA3CD7D-517F-4DB5-8FD2-8D2C35E86343}.Release|Any CPU.ActiveCfg = Release|Any CPU
		{4FA3CD7D-517F-4DB5-8FD2-8D2C35E86343}.Release|Any CPU.Build.0 = Release|Any CPU
	EndGlobalSection
	GlobalSection(SolutionProperties) = preSolution
		HideSolutionNode = FALSE
	EndGlobalSection
	GlobalSection(ExtensibilityGlobals) = postSolution
		SolutionGuid = {584835F8-15CE-4975-8E22-99C70383DDC3}
	EndGlobalSection
EndGlobal
